
Microsoft Visual Studio Solution File, Format Version 12.00
# Visual Studio Version 16
VisualStudioVersion = 16.0.30907.101
MinimumVisualStudioVersion = 10.0.40219.1
Project("{FAE04EC0-301F-11D3-BF4B-00C04F79EFBC}") = "Mom3.3", "Mom3.3.csproj", "{ECC7BD01-F1CF-4098-9A1C-527530FEBF72}"
EndProject
Global
	GlobalSection(SolutionConfigurationPlatforms) = preSolution
		Debug|Any CPU = Debug|Any CPU
		Release|Any CPU = Release|Any CPU
	EndGlobalSection
	GlobalSection(ProjectConfigurationPlatforms) = postSolution
		{ECC7BD01-F1CF-4098-9A1C-527530FEBF72}.Debug|Any CPU.ActiveCfg = Debug|Any CPU
		{ECC7BD01-F1CF-4098-9A1C-527530FEBF72}.Debug|Any CPU.Build.0 = Debug|Any CPU
		{ECC7BD01-F1CF-4098-9A1C-527530FEBF72}.Release|Any CPU.ActiveCfg = Release|Any CPU
		{ECC7BD01-F1CF-4098-9A1C-527530FEBF72}.Release|Any CPU.Build.0 = Release|Any CPU
	EndGlobalSection
	GlobalSection(SolutionProperties) = preSolution
		HideSolutionNode = FALSE
	EndGlobalSection
	GlobalSection(ExtensibilityGlobals) = postSolution
		SolutionGuid = {E18A440E-3C12-41FF-859D-CA21E5089478}
	EndGlobalSection
EndGlobal
